
Microsoft Visual Studio Solution File, Format Version 12.00
# Visual Studio 15
VisualStudioVersion = 15.0.28010.2026
MinimumVisualStudioVersion = 10.0.40219.1
Project("{8BC9CEB8-8B4A-11D0-8D11-00A0C91BC942}") = "ZGAF_ 30", "ZGAF_ 30\ZGAF_ 30.vcxproj", "{68A3513A-15DC-46F5-B2A0-160818CF8B72}"
EndProject
Global
	GlobalSection(SolutionConfigurationPlatforms) = preSolution
		Debug|x64 = Debug|x64
		Debug|x86 = Debug|x86
		Release|x64 = Release|x64
		Release|x86 = Release|x86
	EndGlobalSection
	GlobalSection(ProjectConfigurationPlatforms) = postSolution
		{68A3513A-15DC-46F5-B2A0-160818CF8B72}.Debug|x64.ActiveCfg = Debug|x64
		{68A3513A-15DC-46F5-B2A0-160818CF8B72}.Debug|x64.Build.0 = Debug|x64
		{68A3513A-15DC-46F5-B2A0-160818CF8B72}.Debug|x86.ActiveCfg = Debug|Win32
		{68A3513A-15DC-46F5-B2A0-160818CF8B72}.Debug|x86.Build.0 = Debug|Win32
		{68A3513A-15DC-46F5-B2A0-160818CF8B72}.Release|x64.ActiveCfg = Release|x64
		{68A3513A-15DC-46F5-B2A0-160818CF8B72}.Release|x64.Build.0 = Release|x64
		{68A3513A-15DC-46F5-B2A0-160818CF8B72}.Release|x86.ActiveCfg = Release|Win32
		{68A3513A-15DC-46F5-B2A0-160818CF8B72}.Release|x86.Build.0 = Release|Win32
	EndGlobalSection
	GlobalSection(SolutionProperties) = preSolution
		HideSolutionNode = FALSE
	EndGlobalSection
	GlobalSection(ExtensibilityGlobals) = postSolution
		SolutionGuid = {E66E884D-9BE0-4C02-9445-40F8FCBB06C7}
	EndGlobalSection
EndGlobal
